// !$*UTF8*$!
{
	archiveVersion = 1;
	classes = {
	};
	objectVersion = 50;
	objects = {

/* Begin PBXBuildFile section */
		B97C5E50254DDCD90077327E /* AppDelegate.swift in Sources */ = {isa = PBXBuildFile; fileRef = B97C5E4F254DDCD90077327E /* AppDelegate.swift */; };
		B97C5E52254DDCD90077327E /* SceneDelegate.swift in Sources */ = {isa = PBXBuildFile; fileRef = B97C5E51254DDCD90077327E /* SceneDelegate.swift */; };
		B97C5E54254DDCD90077327E /* ViewController.swift in Sources */ = {isa = PBXBuildFile; fileRef = B97C5E53254DDCD90077327E /* ViewController.swift */; };
		B97C5E57254DDCD90077327E /* Main.storyboard in Resources */ = {isa = PBXBuildFile; fileRef = B97C5E55254DDCD90077327E /* Main.storyboard */; };
		B97C5E59254DDCD90077327E /* Assets.xcassets in Resources */ = {isa = PBXBuildFile; fileRef = B97C5E58254DDCD90077327E /* Assets.xcassets */; };
		B97C5E5C254DDCD90077327E /* LaunchScreen.storyboard in Resources */ = {isa = PBXBuildFile; fileRef = B97C5E5A254DDCD90077327E /* LaunchScreen.storyboard */; };
/* End PBXBuildFile section */

/* Begin PBXFileReference section */
		B97C5E4C254DDCD90077327E /* GetStorm.app */ = {isa = PBXFileReference; explicitFileType = wrapper.application; includeInIndex = 0; path = GetStorm.app; sourceTree = BUILT_PRODUCTS_DIR; };
		B97C5E4F254DDCD90077327E /* AppDelegate.swift */ = {isa = PBXFileReference; lastKnownFileType = sourcecode.swift; path = AppDelegate.swift; sourceTree = "<group>"; };
		B97C5E51254DDCD90077327E /* SceneDelegate.swift */ = {isa = PBXFileReference; lastKnownFileType = sourcecode.swift; path = SceneDelegate.swift; sourceTree = "<group>"; };
		B97C5E53254DDCD90077327E /* ViewController.swift */ = {isa = PBXFileReference; lastKnownFileType = sourcecode.swift; path = ViewController.swift; sourceTree = "<group>"; };
		B97C5E56254DDCD90077327E /* Base */ = {isa = PBXFileReference; lastKnownFileType = file.storyboard; name = Base; path = Base.lproj/Main.storyboard; sourceTree = "<group>"; };
		B97C5E58254DDCD90077327E /* Assets.xcassets */ = {isa = PBXFileReference; lastKnownFileType = folder.assetcatalog; path = Assets.xcassets; sourceTree = "<group>"; };
		B97C5E5B254DDCD90077327E /* Base */ = {isa = PBXFileReference; lastKnownFileType = file.storyboard; name = Base; path = Base.lproj/LaunchScreen.storyboard; sourceTree = "<group>"; };
		B97C5E5D254DDCD90077327E /* Info.plist */ = {isa = PBXFileReference; lastKnownFileType = text.plist.xml; path = Info.plist; sourceTree = "<group>"; };
/* End PBXFileReference section */

/* Begin PBXFrameworksBuildPhase section */
		B97C5E49254DDCD90077327E /* Frameworks */ = {
			isa = PBXFrameworksBuildPhase;
			buildActionMask = 2147483647;
			files = (
			);
			runOnlyForDeploymentPostprocessing = 0;
		};
/* End PBXFrameworksBuildPhase section */

/* Begin PBXGroup section */
		B97C5E43254DDCD90077327E = {
			isa = PBXGroup;
			children = (
				B97C5E4E254DDCD90077327E /* GetStorm */,
				B97C5E4D254DDCD90077327E /* Products */,
			);
			sourceTree = "<group>";
		};
		B97C5E4D254DDCD90077327E /* Products */ = {
			isa = PBXGroup;
			children = (
				B97C5E4C254DDCD90077327E /* GetStorm.app */,
			);
			name = Products;
			sourceTree = "<group>";
		};
		B97C5E4E254DDCD90077327E /* GetStorm */ = {
			isa = PBXGroup;
			children = (
				B97C5E64254DDDC40077327E /* Supporting Files */,
				B97C5E66254DDDE00077327E /* Controller */,
				B97C5E68254DDDF40077327E /* View */,
				B97C5E58254DDCD90077327E /* Assets.xcassets */,
				B97C5E5D254DDCD90077327E /* Info.plist */,
			);
			path = GetStorm;
			sourceTree = "<group>";
		};
		B97C5E64254DDDC40077327E /* Supporting Files */ = {
			isa = PBXGroup;
			children = (
				B97C5E4F254DDCD90077327E /* AppDelegate.swift */,
				B97C5E51254DDCD90077327E /* SceneDelegate.swift */,
			);
			path = "Supporting Files";
			sourceTree = "<group>";
		};
		B97C5E66254DDDE00077327E /* Controller */ = {
			isa = PBXGroup;
			children = (
				B97C5E53254DDCD90077327E /* ViewController.swift */,
			);
			path = Controller;
			sourceTree = "<group>";
		};
		B97C5E68254DDDF40077327E /* View */ = {
			isa = PBXGroup;
			children = (
				B97C5E55254DDCD90077327E /* Main.storyboard */,
				B97C5E5A254DDCD90077327E /* LaunchScreen.storyboard */,
			);
			path = View;
			sourceTree = "<group>";
		};
/* End PBXGroup section */

/* Begin PBXNativeTarget section */
		B97C5E4B254DDCD90077327E /* GetStorm */ = {
			isa = PBXNativeTarget;
			buildConfigurationList = B97C5E60254DDCD90077327E /* Build configuration list for PBXNativeTarget "GetStorm" */;
			buildPhases = (
				B97C5E48254DDCD90077327E /* Sources */,
				B97C5E49254DDCD90077327E /* Frameworks */,
				B97C5E4A254DDCD90077327E /* Resources */,
			);
			buildRules = (
			);
			dependencies = (
			);
			name = GetStorm;
			productName = GetStorm;
			productReference = B97C5E4C254DDCD90077327E /* GetStorm.app */;
			productType = "com.apple.product-type.application";
		};
/* End PBXNativeTarget section */

/* Begin PBXProject section */
		B97C5E44254DDCD90077327E /* Project object */ = {
			isa = PBXProject;
			attributes = {
				LastSwiftUpdateCheck = 1200;
				LastUpgradeCheck = 1200;
				TargetAttributes = {
					B97C5E4B254DDCD90077327E = {
						CreatedOnToolsVersion = 12.0.1;
					};
				};
			};
			buildConfigurationList = B97C5E47254DDCD90077327E /* Build configuration list for PBXProject "GetStorm" */;
			compatibilityVersion = "Xcode 9.3";
			developmentRegion = en;
			hasScannedForEncodings = 0;
			knownRegions = (
				en,
				Base,
			);
			mainGroup = B97C5E43254DDCD90077327E;
			productRefGroup = B97C5E4D254DDCD90077327E /* Products */;
			projectDirPath = "";
			projectRoot = "";
			targets = (
				B97C5E4B254DDCD90077327E /* GetStorm */,
			);
		};
/* End PBXProject section */

/* Begin PBXResourcesBuildPhase section */
		B97C5E4A254DDCD90077327E /* Resources */ = {
			isa = PBXResourcesBuildPhase;
			buildActionMask = 2147483647;
			files = (
				B97C5E5C254DDCD90077327E /* LaunchScreen.storyboard in Resources */,
				B97C5E59254DDCD90077327E /* Assets.xcassets in Resources */,
				B97C5E57254DDCD90077327E /* Main.storyboard in Resources */,
			);
			runOnlyForDeploymentPostprocessing = 0;
		};
/* End PBXResourcesBuildPhase section */

/* Begin PBXSourcesBuildPhase section */
		B97C5E48254DDCD90077327E /* Sources */ = {
			isa = PBXSourcesBuildPhase;
			buildActionMask = 2147483647;
			files = (
				B97C5E54254DDCD90077327E /* ViewController.swift in Sources */,
				B97C5E50254DDCD90077327E /* AppDelegate.swift in Sources */,
				B97C5E52254DDCD90077327E /* SceneDelegate.swift in Sources */,
			);
			runOnlyForDeploymentPostprocessing = 0;
		};
/* End PBXSourcesBuildPhase section */

/* Begin PBXVariantGroup section */
		B97C5E55254DDCD90077327E /* Main.storyboard */ = {
			isa = PBXVariantGroup;
			children = (
				B97C5E56254DDCD90077327E /* Base */,
			);
			name = Main.storyboard;
			sourceTree = "<group>";
		};
		B97C5E5A254DDCD90077327E /* LaunchScreen.storyboard */ = {
			isa = PBXVariantGroup;
			children = (
				B97C5E5B254DDCD90077327E /* Base */,
			);
			name = LaunchScreen.storyboard;
			sourceTree = "<group>";
		};
/* End PBXVariantGroup section */

/* Begin XCBuildConfiguration section */
		B97C5E5E254DDCD90077327E /* Debug */ = {
			isa = XCBuildConfiguration;
			buildSettings = {
				ALWAYS_SEARCH_USER_PATHS = NO;
				CLANG_ANALYZER_NONNULL = YES;
				CLANG_ANALYZER_NUMBER_OBJECT_CONVERSION = YES_AGGRESSIVE;
				CLANG_CXX_LANGUAGE_STANDARD = "gnu++14";
				CLANG_CXX_LIBRARY = "libc++";
				CLANG_ENABLE_MODULES = YES;
				CLANG_ENABLE_OBJC_ARC = YES;
				CLANG_ENABLE_OBJC_WEAK = YES;
				CLANG_WARN_BLOCK_CAPTURE_AUTORELEASING = YES;
				CLANG_WARN_BOOL_CONVERSION = YES;
				CLANG_WARN_COMMA = YES;
				CLANG_WARN_CONSTANT_CONVERSION = YES;
				CLANG_WARN_DEPRECATED_OBJC_IMPLEMENTATIONS = YES;
				CLANG_WARN_DIRECT_OBJC_ISA_USAGE = YES_ERROR;
				CLANG_WARN_DOCUMENTATION_COMMENTS = YES;
				CLANG_WARN_EMPTY_BODY = YES;
				CLANG_WARN_ENUM_CONVERSION = YES;
				CLANG_WARN_INFINITE_RECURSION = YES;
				CLANG_WARN_INT_CONVERSION = YES;
				CLANG_WARN_NON_LITERAL_NULL_CONVERSION = YES;
				CLANG_WARN_OBJC_IMPLICIT_RETAIN_SELF = YES;
				CLANG_WARN_OBJC_LITERAL_CONVERSION = YES;
				CLANG_WARN_OBJC_ROOT_CLASS = YES_ERROR;
				CLANG_WARN_QUOTED_INCLUDE_IN_FRAMEWORK_HEADER = YES;
				CLANG_WARN_RANGE_LOOP_ANALYSIS = YES;
				CLANG_WARN_STRICT_PROTOTYPES = YES;
				CLANG_WARN_SUSPICIOUS_MOVE = YES;
				CLANG_WARN_UNGUARDED_AVAILABILITY = YES_AGGRESSIVE;
				CLANG_WARN_UNREACHABLE_CODE = YES;
				CLANG_WARN__DUPLICATE_METHOD_MATCH = YES;
				COPY_PHASE_STRIP = NO;
				DEBUG_INFORMATION_FORMAT = dwarf;
				ENABLE_STRICT_OBJC_MSGSEND = YES;
				ENABLE_TESTABILITY = YES;
				GCC_C_LANGUAGE_STANDARD = gnu11;
				GCC_DYNAMIC_NO_PIC = NO;
				GCC_NO_COMMON_BLOCKS = YES;
				GCC_OPTIMIZATION_LEVEL = 0;
				GCC_PREPROCESSOR_DEFINITIONS = (
					"DEBUG=1",
					"$(inherited)",
				);
				GCC_WARN_64_TO_32_BIT_CONVERSION = YES;
				GCC_WARN_ABOUT_RETURN_TYPE = YES_ERROR;
				GCC_WARN_UNDECLARED_SELECTOR = YES;
				GCC_WARN_UNINITIALIZED_AUTOS = YES_AGGRESSIVE;
				GCC_WARN_UNUSED_FUNCTION = YES;
				GCC_WARN_UNUSED_VARIABLE = YES;
				IPHONEOS_DEPLOYMENT_TARGET = 14.0;
				MTL_ENABLE_DEBUG_INFO = INCLUDE_SOURCE;
				MTL_FAST_MATH = YES;
				ONLY_ACTIVE_ARCH = YES;
				SDKROOT = iphoneos;
				SWIFT_ACTIVE_COMPILATION_CONDITIONS = DEBUG;
				SWIFT_OPTIMIZATION_LEVEL = "-Onone";
			};
			name = Debug;
		};
		B97C5E5F254DDCD90077327E /* Release */ = {
			isa = XCBuildConfiguration;
			buildSettings = {
				ALWAYS_SEARCH_USER_PATHS = NO;
				CLANG_ANALYZER_NONNULL = YES;
				CLANG_ANALYZER_NUMBER_OBJECT_CONVERSION = YES_AGGRESSIVE;
				CLANG_CXX_LANGUAGE_STANDARD = "gnu++14";
				CLANG_CXX_LIBRARY = "libc++";
				CLANG_ENABLE_MODULES = YES;
				CLANG_ENABLE_OBJC_ARC = YES;
				CLANG_ENABLE_OBJC_WEAK = YES;
				CLANG_WARN_BLOCK_CAPTURE_AUTORELEASING = YES;
				CLANG_WARN_BOOL_CONVERSION = YES;
				CLANG_WARN_COMMA = YES;
				CLANG_WARN_CONSTANT_CONVERSION = YES;
				CLANG_WARN_DEPRECATED_OBJC_IMPLEMENTATIONS = YES;
				CLANG_WARN_DIRECT_OBJC_ISA_USAGE = YES_ERROR;
				CLANG_WARN_DOCUMENTATION_COMMENTS = YES;
				CLANG_WARN_EMPTY_BODY = YES;
				CLANG_WARN_ENUM_CONVERSION = YES;
				CLANG_WARN_INFINITE_RECURSION = YES;
				CLANG_WARN_INT_CONVERSION = YES;
				CLANG_WARN_NON_LITERAL_NULL_CONVERSION = YES;
				CLANG_WARN_OBJC_IMPLICIT_RETAIN_SELF = YES;
				CLANG_WARN_OBJC_LITERAL_CONVERSION = YES;
				CLANG_WARN_OBJC_ROOT_CLASS = YES_ERROR;
				CLANG_WARN_QUOTED_INCLUDE_IN_FRAMEWORK_HEADER = YES;
				CLANG_WARN_RANGE_LOOP_ANALYSIS = YES;
				CLANG_WARN_STRICT_PROTOTYPES = YES;
				CLANG_WARN_SUSPICIOUS_MOVE = YES;
				CLANG_WARN_UNGUARDED_AVAILABILITY = YES_AGGRESSIVE;
				CLANG_WARN_UNREACHABLE_CODE = YES;
				CLANG_WARN__DUPLICATE_METHOD_MATCH = YES;
				COPY_PHASE_STRIP = NO;
				DEBUG_INFORMATION_FORMAT = "dwarf-with-dsym";
				ENABLE_NS_ASSERTIONS = NO;
				ENABLE_STRICT_OBJC_MSGSEND = YES;
				GCC_C_LANGUAGE_STANDARD = gnu11;
				GCC_NO_COMMON_BLOCKS = YES;
				GCC_WARN_64_TO_32_BIT_CONVERSION = YES;
				GCC_WARN_ABOUT_RETURN_TYPE = YES_ERROR;
				GCC_WARN_UNDECLARED_SELECTOR = YES;
				GCC_WARN_UNINITIALIZED_AUTOS = YES_AGGRESSIVE;
				GCC_WARN_UNUSED_FUNCTION = YES;
				GCC_WARN_UNUSED_VARIABLE = YES;
				IPHONEOS_DEPLOYMENT_TARGET = 14.0;
				MTL_ENABLE_DEBUG_INFO = NO;
				MTL_FAST_MATH = YES;
				SDKROOT = iphoneos;
				SWIFT_COMPILATION_MODE = wholemodule;
				SWIFT_OPTIMIZATION_LEVEL = "-O";
				VALIDATE_PRODUCT = YES;
			};
			name = Release;
		};
		B97C5E61254DDCD90077327E /* Debug */ = {
			isa = XCBuildConfiguration;
			buildSettings = {
				ASSETCATALOG_COMPILER_APPICON_NAME = AppIcon;
				ASSETCATALOG_COMPILER_GLOBAL_ACCENT_COLOR_NAME = AccentColor;
				CODE_SIGN_STYLE = Automatic;
				DEVELOPMENT_TEAM = 94WH9ZZCLU;
				INFOPLIST_FILE = GetStorm/Info.plist;
				LD_RUNPATH_SEARCH_PATHS = (
					"$(inherited)",
					"@executable_path/Frameworks",
				);
				PRODUCT_BUNDLE_IDENTIFIER = com.ramesh.akshay.GetStorm;
				PRODUCT_NAME = "$(TARGET_NAME)";
				SWIFT_VERSION = 5.0;
				TARGETED_DEVICE_FAMILY = "1,2";
			};
			name = Debug;
		};
		B97C5E62254DDCD90077327E /* Release */ = {
			isa = XCBuildConfiguration;
			buildSettings = {
				ASSETCATALOG_COMPILER_APPICON_NAME = AppIcon;
				ASSETCATALOG_COMPILER_GLOBAL_ACCENT_COLOR_NAME = AccentColor;
				CODE_SIGN_STYLE = Automatic;
				DEVELOPMENT_TEAM = 94WH9ZZCLU;
				INFOPLIST_FILE = GetStorm/Info.plist;
				LD_RUNPATH_SEARCH_PATHS = (
					"$(inherited)",
					"@executable_path/Frameworks",
				);
				PRODUCT_BUNDLE_IDENTIFIER = com.ramesh.akshay.GetStorm;
				PRODUCT_NAME = "$(TARGET_NAME)";
				SWIFT_VERSION = 5.0;
				TARGETED_DEVICE_FAMILY = "1,2";
			};
			name = Release;
		};
/* End XCBuildConfiguration section */

/* Begin XCConfigurationList section */
		B97C5E47254DDCD90077327E /* Build configuration list for PBXProject "GetStorm" */ = {
			isa = XCConfigurationList;
			buildConfigurations = (
				B97C5E5E254DDCD90077327E /* Debug */,
				B97C5E5F254DDCD90077327E /* Release */,
			);
			defaultConfigurationIsVisible = 0;
			defaultConfigurationName = Release;
		};
		B97C5E60254DDCD90077327E /* Build configuration list for PBXNativeTarget "GetStorm" */ = {
			isa = XCConfigurationList;
			buildConfigurations = (
				B97C5E61254DDCD90077327E /* Debug */,
				B97C5E62254DDCD90077327E /* Release */,
			);
			defaultConfigurationIsVisible = 0;
			defaultConfigurationName = Release;
		};
/* End XCConfigurationList section */
	};
	rootObject = B97C5E44254DDCD90077327E /* Project object */;
}
